
Microsoft Visual Studio Solution File, Format Version 12.00
# Visual Studio Version 16
VisualStudioVersion = 16.0.32630.194
MinimumVisualStudioVersion = 10.0.40219.1
Project("{F2A71F9B-5D33-465A-A702-920D77279786}") = "ContosoCrafts.Website", "ContosoCrafts.Website\ContosoCrafts.Website.fsproj", "{21848983-C9E3-4946-91E9-E85D7AD4ADD3}"
EndProject
Global
	GlobalSection(SolutionConfigurationPlatforms) = preSolution
		Debug|Any CPU = Debug|Any CPU
		Release|Any CPU = Release|Any CPU
	EndGlobalSection
	GlobalSection(ProjectConfigurationPlatforms) = postSolution
		{21848983-C9E3-4946-91E9-E85D7AD4ADD3}.Debug|Any CPU.ActiveCfg = Debug|Any CPU
		{21848983-C9E3-4946-91E9-E85D7AD4ADD3}.Debug|Any CPU.Build.0 = Debug|Any CPU
		{21848983-C9E3-4946-91E9-E85D7AD4ADD3}.Release|Any CPU.ActiveCfg = Release|Any CPU
		{21848983-C9E3-4946-91E9-E85D7AD4ADD3}.Release|Any CPU.Build.0 = Release|Any CPU
	EndGlobalSection
	GlobalSection(SolutionProperties) = preSolution
		HideSolutionNode = FALSE
	EndGlobalSection
	GlobalSection(ExtensibilityGlobals) = postSolution
		SolutionGuid = {C145A13E-E592-4BDA-AED0-379AF96A191E}
	EndGlobalSection
EndGlobal
